
Microsoft Visual Studio Solution File, Format Version 12.00
# Visual Studio 2013
VisualStudioVersion = 12.0.30723.0
MinimumVisualStudioVersion = 10.0.40219.1
Project("{FAE04EC0-301F-11D3-BF4B-00C04F79EFBC}") = "BookSite", "BookSite\BookSite.csproj", "{322BF926-FFDE-4E71-9597-044250A1F0B1}"
EndProject
Project("{2150E333-8FDC-42A3-9474-1A3956D46DE8}") = "PublishScripts", "PublishScripts", "{67E61AC3-5BCA-4C5F-98EC-4A5CE46229AD}"
	ProjectSection(SolutionItems) = preProject
		PublishScripts\AzureWebsitePublishModule.psm1 = PublishScripts\AzureWebsitePublishModule.psm1
		PublishScripts\Publish-WebApplicationWebsite.ps1 = PublishScripts\Publish-WebApplicationWebsite.ps1
	EndProjectSection
EndProject
Project("{2150E333-8FDC-42A3-9474-1A3956D46DE8}") = "Configurations", "Configurations", "{5E118253-FEA9-43B9-9575-68B2F697C79E}"
	ProjectSection(SolutionItems) = preProject
		PublishScripts\Configurations\BookSite-WAWS-dev.json = PublishScripts\Configurations\BookSite-WAWS-dev.json
	EndProjectSection
EndProject
Project("{2150E333-8FDC-42A3-9474-1A3956D46DE8}") = ".nuget", ".nuget", "{FA8D8C50-FAD9-4D22-836E-4D89EFDDB64F}"
	ProjectSection(SolutionItems) = preProject
		.nuget\packages.config = .nuget\packages.config
	EndProjectSection
EndProject
Global
	GlobalSection(TeamFoundationVersionControl) = preSolution
		SccNumberOfProjects = 2
		SccEnterpriseProvider = {4CA58AB2-18FA-4F8D-95D4-32DDF27D184C}
		SccTeamFoundationServer = https://waiseongou.visualstudio.com/DefaultCollection
		SccLocalPath0 = .
		SccProjectUniqueName1 = BookSite\\BookSite.csproj
		SccProjectName1 = BookSite
		SccLocalPath1 = BookSite
	EndGlobalSection
	GlobalSection(SolutionConfigurationPlatforms) = preSolution
		Debug|Any CPU = Debug|Any CPU
		Release|Any CPU = Release|Any CPU
	EndGlobalSection
	GlobalSection(ProjectConfigurationPlatforms) = postSolution
		{322BF926-FFDE-4E71-9597-044250A1F0B1}.Debug|Any CPU.ActiveCfg = Debug|Any CPU
		{322BF926-FFDE-4E71-9597-044250A1F0B1}.Debug|Any CPU.Build.0 = Debug|Any CPU
		{322BF926-FFDE-4E71-9597-044250A1F0B1}.Release|Any CPU.ActiveCfg = Release|Any CPU
		{322BF926-FFDE-4E71-9597-044250A1F0B1}.Release|Any CPU.Build.0 = Release|Any CPU
	EndGlobalSection
	GlobalSection(SolutionProperties) = preSolution
		HideSolutionNode = FALSE
	EndGlobalSection
	GlobalSection(NestedProjects) = preSolution
		{5E118253-FEA9-43B9-9575-68B2F697C79E} = {67E61AC3-5BCA-4C5F-98EC-4A5CE46229AD}
	EndGlobalSection
EndGlobal
