
Microsoft Visual Studio Solution File, Format Version 12.00
# Visual Studio 2013
VisualStudioVersion = 12.0.30723.0
MinimumVisualStudioVersion = 10.0.40219.1
Project("{00D1A9C2-B5F0-4AF3-8072-F6C62B433612}") = "Database4", "Database4\Database4.sqlproj", "{F7F4535C-4FB5-443C-B312-C9692DA28536}"
EndProject
Global
	GlobalSection(TeamFoundationVersionControl) = preSolution
		SccNumberOfProjects = 2
		SccEnterpriseProvider = {4CA58AB2-18FA-4F8D-95D4-32DDF27D184C}
		SccTeamFoundationServer = https://waiseongou.visualstudio.com/defaultcollection
		SccLocalPath0 = .
		SccProjectUniqueName1 = Database4\\Database4.sqlproj
		SccProjectName1 = Database4
		SccLocalPath1 = Database4
	EndGlobalSection
	GlobalSection(SolutionConfigurationPlatforms) = preSolution
		Debug|Any CPU = Debug|Any CPU
		Release|Any CPU = Release|Any CPU
	EndGlobalSection
	GlobalSection(ProjectConfigurationPlatforms) = postSolution
		{F7F4535C-4FB5-443C-B312-C9692DA28536}.Debug|Any CPU.ActiveCfg = Debug|Any CPU
		{F7F4535C-4FB5-443C-B312-C9692DA28536}.Debug|Any CPU.Build.0 = Debug|Any CPU
		{F7F4535C-4FB5-443C-B312-C9692DA28536}.Debug|Any CPU.Deploy.0 = Debug|Any CPU
		{F7F4535C-4FB5-443C-B312-C9692DA28536}.Release|Any CPU.ActiveCfg = Release|Any CPU
		{F7F4535C-4FB5-443C-B312-C9692DA28536}.Release|Any CPU.Build.0 = Release|Any CPU
		{F7F4535C-4FB5-443C-B312-C9692DA28536}.Release|Any CPU.Deploy.0 = Release|Any CPU
	EndGlobalSection
	GlobalSection(SolutionProperties) = preSolution
		HideSolutionNode = FALSE
	EndGlobalSection
EndGlobal
